
Microsoft Visual Studio Solution File, Format Version 12.00
# Visual Studio Version 17
VisualStudioVersion = 17.0.31903.59
MinimumVisualStudioVersion = 10.0.40219.1
Project("{FAE04EC0-301F-11D3-BF4B-00C04F79EFBC}") = "BlazorTestingExample.Shared", "BlazorTestingExample.Shared\BlazorTestingExample.Shared.csproj", "{3E299437-2A7D-49C0-92C7-845F39A38EEB}"
EndProject
Project("{FAE04EC0-301F-11D3-BF4B-00C04F79EFBC}") = "BlazorTestingExample.Tests", "BlazorTestingExample.Tests\BlazorTestingExample.Tests.csproj", "{8D9AFE36-7EDF-4F16-B6B9-4A83DB11557D}"
EndProject
Project("{FAE04EC0-301F-11D3-BF4B-00C04F79EFBC}") = "BlazorTestingExample.Web", "BlazorTestingExample.Web\BlazorTestingExample.Web.csproj", "{EA183828-F9DC-45C3-BE0C-E4D852CF7463}"
EndProject
Project("{FAE04EC0-301F-11D3-BF4B-00C04F79EFBC}") = "BlazorTestingExample.API", "BlazorTestingExample.API\BlazorTestingExample.API.csproj", "{8033A528-F215-4966-B08B-359EE094AE64}"
EndProject
Project("{FAE04EC0-301F-11D3-BF4B-00C04F79EFBC}") = "BlazorTestingExample.Core", "BlazorTestingExample.Core\BlazorTestingExample.Core.csproj", "{5A0164E7-315A-4557-86CA-BEB6DA64A417}"
EndProject
Global
	GlobalSection(SolutionConfigurationPlatforms) = preSolution
		Debug|Any CPU = Debug|Any CPU
		Release|Any CPU = Release|Any CPU
	EndGlobalSection
	GlobalSection(SolutionProperties) = preSolution
		HideSolutionNode = FALSE
	EndGlobalSection
	GlobalSection(ProjectConfigurationPlatforms) = postSolution
		{3E299437-2A7D-49C0-92C7-845F39A38EEB}.Debug|Any CPU.ActiveCfg = Debug|Any CPU
		{3E299437-2A7D-49C0-92C7-845F39A38EEB}.Debug|Any CPU.Build.0 = Debug|Any CPU
		{3E299437-2A7D-49C0-92C7-845F39A38EEB}.Release|Any CPU.ActiveCfg = Release|Any CPU
		{3E299437-2A7D-49C0-92C7-845F39A38EEB}.Release|Any CPU.Build.0 = Release|Any CPU
		{8D9AFE36-7EDF-4F16-B6B9-4A83DB11557D}.Debug|Any CPU.ActiveCfg = Debug|Any CPU
		{8D9AFE36-7EDF-4F16-B6B9-4A83DB11557D}.Debug|Any CPU.Build.0 = Debug|Any CPU
		{8D9AFE36-7EDF-4F16-B6B9-4A83DB11557D}.Release|Any CPU.ActiveCfg = Release|Any CPU
		{8D9AFE36-7EDF-4F16-B6B9-4A83DB11557D}.Release|Any CPU.Build.0 = Release|Any CPU
		{EA183828-F9DC-45C3-BE0C-E4D852CF7463}.Debug|Any CPU.ActiveCfg = Debug|Any CPU
		{EA183828-F9DC-45C3-BE0C-E4D852CF7463}.Debug|Any CPU.Build.0 = Debug|Any CPU
		{EA183828-F9DC-45C3-BE0C-E4D852CF7463}.Release|Any CPU.ActiveCfg = Release|Any CPU
		{EA183828-F9DC-45C3-BE0C-E4D852CF7463}.Release|Any CPU.Build.0 = Release|Any CPU
		{8033A528-F215-4966-B08B-359EE094AE64}.Debug|Any CPU.ActiveCfg = Debug|Any CPU
		{8033A528-F215-4966-B08B-359EE094AE64}.Debug|Any CPU.Build.0 = Debug|Any CPU
		{8033A528-F215-4966-B08B-359EE094AE64}.Release|Any CPU.ActiveCfg = Release|Any CPU
		{8033A528-F215-4966-B08B-359EE094AE64}.Release|Any CPU.Build.0 = Release|Any CPU
		{5A0164E7-315A-4557-86CA-BEB6DA64A417}.Debug|Any CPU.ActiveCfg = Debug|Any CPU
		{5A0164E7-315A-4557-86CA-BEB6DA64A417}.Debug|Any CPU.Build.0 = Debug|Any CPU
		{5A0164E7-315A-4557-86CA-BEB6DA64A417}.Release|Any CPU.ActiveCfg = Release|Any CPU
		{5A0164E7-315A-4557-86CA-BEB6DA64A417}.Release|Any CPU.Build.0 = Release|Any CPU
	EndGlobalSection
EndGlobal
